
Microsoft Visual Studio Solution File, Format Version 12.00
# Visual Studio Version 16
VisualStudioVersion = 16.0.30104.148
MinimumVisualStudioVersion = 10.0.40219.1
Project("{8BC9CEB8-8B4A-11D0-8D11-00A0C91BC942}") = "taq-prep", "taq-prep\taq-prep.vcxproj", "{0D6F22F6-39B9-4688-AD7A-D0CD285BE5C3}"
EndProject
Project("{8BC9CEB8-8B4A-11D0-8D11-00A0C91BC942}") = "tick-calc", "tick-calc\tick-calc.vcxproj", "{BF14440D-2052-42DC-AD51-ACFAA9ADFBFD}"
EndProject
Project("{2150E333-8FDC-42A3-9474-1A3956D46DE8}") = "Solution Items", "Solution Items", "{44641B7D-2BF5-48F2-A77A-2200697BFF6D}"
	ProjectSection(SolutionItems) = preProject
		CMakeLists.txt = CMakeLists.txt
		taq-py\MANIFEST.in = taq-py\MANIFEST.in
		README.md = README.md
		taq-py\setup.py = taq-py\setup.py
		test.json.txt = test.json.txt
	EndProjectSection
EndProject
Project("{8BC9CEB8-8B4A-11D0-8D11-00A0C91BC942}") = "taq-ctrl", "taq-ctrl\taq-ctrl.vcxproj", "{BBCA46B3-46CD-494F-97D5-7747302DFCE5}"
EndProject
Project("{8BC9CEB8-8B4A-11D0-8D11-00A0C91BC942}") = "taqpy", "taq-py\build\taqpy.vcxproj", "{CF849D31-3D4A-3AAE-9A59-7DE91CA12E9E}"
EndProject
Project("{888888A0-9F3D-457C-B088-3A5042F75D52}") = "scripts", "scripts\scripts.pyproj", "{0DB5249D-2FE2-45FE-9060-EBB9FA86A56B}"
EndProject
Global
	GlobalSection(SolutionConfigurationPlatforms) = preSolution
		Debug|Any CPU = Debug|Any CPU
		Debug|x64 = Debug|x64
		Debug|x86 = Debug|x86
		MinSizeRel|Any CPU = MinSizeRel|Any CPU
		MinSizeRel|x64 = MinSizeRel|x64
		MinSizeRel|x86 = MinSizeRel|x86
		Release|Any CPU = Release|Any CPU
		Release|x64 = Release|x64
		Release|x86 = Release|x86
		RelWithDebInfo|Any CPU = RelWithDebInfo|Any CPU
		RelWithDebInfo|x64 = RelWithDebInfo|x64
		RelWithDebInfo|x86 = RelWithDebInfo|x86
	EndGlobalSection
	GlobalSection(ProjectConfigurationPlatforms) = postSolution
		{0D6F22F6-39B9-4688-AD7A-D0CD285BE5C3}.Debug|Any CPU.ActiveCfg = Debug|Win32
		{0D6F22F6-39B9-4688-AD7A-D0CD285BE5C3}.Debug|x64.ActiveCfg = Debug|x64
		{0D6F22F6-39B9-4688-AD7A-D0CD285BE5C3}.Debug|x64.Build.0 = Debug|x64
		{0D6F22F6-39B9-4688-AD7A-D0CD285BE5C3}.Debug|x86.ActiveCfg = Debug|Win32
		{0D6F22F6-39B9-4688-AD7A-D0CD285BE5C3}.Debug|x86.Build.0 = Debug|Win32
		{0D6F22F6-39B9-4688-AD7A-D0CD285BE5C3}.MinSizeRel|Any CPU.ActiveCfg = Release|Win32
		{0D6F22F6-39B9-4688-AD7A-D0CD285BE5C3}.MinSizeRel|Any CPU.Build.0 = Release|Win32
		{0D6F22F6-39B9-4688-AD7A-D0CD285BE5C3}.MinSizeRel|x64.ActiveCfg = Release|x64
		{0D6F22F6-39B9-4688-AD7A-D0CD285BE5C3}.MinSizeRel|x64.Build.0 = Release|x64
		{0D6F22F6-39B9-4688-AD7A-D0CD285BE5C3}.MinSizeRel|x86.ActiveCfg = Release|Win32
		{0D6F22F6-39B9-4688-AD7A-D0CD285BE5C3}.MinSizeRel|x86.Build.0 = Release|Win32
		{0D6F22F6-39B9-4688-AD7A-D0CD285BE5C3}.Release|Any CPU.ActiveCfg = Release|Win32
		{0D6F22F6-39B9-4688-AD7A-D0CD285BE5C3}.Release|x64.ActiveCfg = Release|x64
		{0D6F22F6-39B9-4688-AD7A-D0CD285BE5C3}.Release|x64.Build.0 = Release|x64
		{0D6F22F6-39B9-4688-AD7A-D0CD285BE5C3}.Release|x86.ActiveCfg = Release|Win32
		{0D6F22F6-39B9-4688-AD7A-D0CD285BE5C3}.Release|x86.Build.0 = Release|Win32
		{0D6F22F6-39B9-4688-AD7A-D0CD285BE5C3}.RelWithDebInfo|Any CPU.ActiveCfg = Release|Win32
		{0D6F22F6-39B9-4688-AD7A-D0CD285BE5C3}.RelWithDebInfo|Any CPU.Build.0 = Release|Win32
		{0D6F22F6-39B9-4688-AD7A-D0CD285BE5C3}.RelWithDebInfo|x64.ActiveCfg = Release|x64
		{0D6F22F6-39B9-4688-AD7A-D0CD285BE5C3}.RelWithDebInfo|x64.Build.0 = Release|x64
		{0D6F22F6-39B9-4688-AD7A-D0CD285BE5C3}.RelWithDebInfo|x86.ActiveCfg = Release|Win32
		{0D6F22F6-39B9-4688-AD7A-D0CD285BE5C3}.RelWithDebInfo|x86.Build.0 = Release|Win32
		{BF14440D-2052-42DC-AD51-ACFAA9ADFBFD}.Debug|Any CPU.ActiveCfg = Debug|Win32
		{BF14440D-2052-42DC-AD51-ACFAA9ADFBFD}.Debug|x64.ActiveCfg = Debug|x64
		{BF14440D-2052-42DC-AD51-ACFAA9ADFBFD}.Debug|x64.Build.0 = Debug|x64
		{BF14440D-2052-42DC-AD51-ACFAA9ADFBFD}.Debug|x86.ActiveCfg = Debug|Win32
		{BF14440D-2052-42DC-AD51-ACFAA9ADFBFD}.Debug|x86.Build.0 = Debug|Win32
		{BF14440D-2052-42DC-AD51-ACFAA9ADFBFD}.MinSizeRel|Any CPU.ActiveCfg = Release|Win32
		{BF14440D-2052-42DC-AD51-ACFAA9ADFBFD}.MinSizeRel|Any CPU.Build.0 = Release|Win32
		{BF14440D-2052-42DC-AD51-ACFAA9ADFBFD}.MinSizeRel|x64.ActiveCfg = Release|x64
		{BF14440D-2052-42DC-AD51-ACFAA9ADFBFD}.MinSizeRel|x64.Build.0 = Release|x64
		{BF14440D-2052-42DC-AD51-ACFAA9ADFBFD}.MinSizeRel|x86.ActiveCfg = Release|Win32
		{BF14440D-2052-42DC-AD51-ACFAA9ADFBFD}.MinSizeRel|x86.Build.0 = Release|Win32
		{BF14440D-2052-42DC-AD51-ACFAA9ADFBFD}.Release|Any CPU.ActiveCfg = Release|Win32
		{BF14440D-2052-42DC-AD51-ACFAA9ADFBFD}.Release|x64.ActiveCfg = Release|x64
		{BF14440D-2052-42DC-AD51-ACFAA9ADFBFD}.Release|x64.Build.0 = Release|x64
		{BF14440D-2052-42DC-AD51-ACFAA9ADFBFD}.Release|x86.ActiveCfg = Release|Win32
		{BF14440D-2052-42DC-AD51-ACFAA9ADFBFD}.Release|x86.Build.0 = Release|Win32
		{BF14440D-2052-42DC-AD51-ACFAA9ADFBFD}.RelWithDebInfo|Any CPU.ActiveCfg = Release|Win32
		{BF14440D-2052-42DC-AD51-ACFAA9ADFBFD}.RelWithDebInfo|Any CPU.Build.0 = Release|Win32
		{BF14440D-2052-42DC-AD51-ACFAA9ADFBFD}.RelWithDebInfo|x64.ActiveCfg = Release|x64
		{BF14440D-2052-42DC-AD51-ACFAA9ADFBFD}.RelWithDebInfo|x64.Build.0 = Release|x64
		{BF14440D-2052-42DC-AD51-ACFAA9ADFBFD}.RelWithDebInfo|x86.ActiveCfg = Release|Win32
		{BF14440D-2052-42DC-AD51-ACFAA9ADFBFD}.RelWithDebInfo|x86.Build.0 = Release|Win32
		{BBCA46B3-46CD-494F-97D5-7747302DFCE5}.Debug|Any CPU.ActiveCfg = Debug|Win32
		{BBCA46B3-46CD-494F-97D5-7747302DFCE5}.Debug|x64.ActiveCfg = Debug|x64
		{BBCA46B3-46CD-494F-97D5-7747302DFCE5}.Debug|x64.Build.0 = Debug|x64
		{BBCA46B3-46CD-494F-97D5-7747302DFCE5}.Debug|x86.ActiveCfg = Debug|Win32
		{BBCA46B3-46CD-494F-97D5-7747302DFCE5}.Debug|x86.Build.0 = Debug|Win32
		{BBCA46B3-46CD-494F-97D5-7747302DFCE5}.MinSizeRel|Any CPU.ActiveCfg = Release|Win32
		{BBCA46B3-46CD-494F-97D5-7747302DFCE5}.MinSizeRel|Any CPU.Build.0 = Release|Win32
		{BBCA46B3-46CD-494F-97D5-7747302DFCE5}.MinSizeRel|x64.ActiveCfg = Release|x64
		{BBCA46B3-46CD-494F-97D5-7747302DFCE5}.MinSizeRel|x64.Build.0 = Release|x64
		{BBCA46B3-46CD-494F-97D5-7747302DFCE5}.MinSizeRel|x86.ActiveCfg = Release|Win32
		{BBCA46B3-46CD-494F-97D5-7747302DFCE5}.MinSizeRel|x86.Build.0 = Release|Win32
		{BBCA46B3-46CD-494F-97D5-7747302DFCE5}.Release|Any CPU.ActiveCfg = Release|Win32
		{BBCA46B3-46CD-494F-97D5-7747302DFCE5}.Release|x64.ActiveCfg = Release|x64
		{BBCA46B3-46CD-494F-97D5-7747302DFCE5}.Release|x64.Build.0 = Release|x64
		{BBCA46B3-46CD-494F-97D5-7747302DFCE5}.Release|x86.ActiveCfg = Release|Win32
		{BBCA46B3-46CD-494F-97D5-7747302DFCE5}.Release|x86.Build.0 = Release|Win32
		{BBCA46B3-46CD-494F-97D5-7747302DFCE5}.RelWithDebInfo|Any CPU.ActiveCfg = Release|Win32
		{BBCA46B3-46CD-494F-97D5-7747302DFCE5}.RelWithDebInfo|Any CPU.Build.0 = Release|Win32
		{BBCA46B3-46CD-494F-97D5-7747302DFCE5}.RelWithDebInfo|x64.ActiveCfg = Release|x64
		{BBCA46B3-46CD-494F-97D5-7747302DFCE5}.RelWithDebInfo|x64.Build.0 = Release|x64
		{BBCA46B3-46CD-494F-97D5-7747302DFCE5}.RelWithDebInfo|x86.ActiveCfg = Release|Win32
		{BBCA46B3-46CD-494F-97D5-7747302DFCE5}.RelWithDebInfo|x86.Build.0 = Release|Win32
		{CF849D31-3D4A-3AAE-9A59-7DE91CA12E9E}.Debug|Any CPU.ActiveCfg = Debug|x64
		{CF849D31-3D4A-3AAE-9A59-7DE91CA12E9E}.Debug|x64.ActiveCfg = Debug|x64
		{CF849D31-3D4A-3AAE-9A59-7DE91CA12E9E}.Debug|x64.Build.0 = Debug|x64
		{CF849D31-3D4A-3AAE-9A59-7DE91CA12E9E}.Debug|x86.ActiveCfg = Debug|x64
		{CF849D31-3D4A-3AAE-9A59-7DE91CA12E9E}.MinSizeRel|Any CPU.ActiveCfg = MinSizeRel|x64
		{CF849D31-3D4A-3AAE-9A59-7DE91CA12E9E}.MinSizeRel|x64.ActiveCfg = MinSizeRel|x64
		{CF849D31-3D4A-3AAE-9A59-7DE91CA12E9E}.MinSizeRel|x64.Build.0 = MinSizeRel|x64
		{CF849D31-3D4A-3AAE-9A59-7DE91CA12E9E}.MinSizeRel|x86.ActiveCfg = MinSizeRel|x64
		{CF849D31-3D4A-3AAE-9A59-7DE91CA12E9E}.Release|Any CPU.ActiveCfg = Release|x64
		{CF849D31-3D4A-3AAE-9A59-7DE91CA12E9E}.Release|x64.ActiveCfg = Release|x64
		{CF849D31-3D4A-3AAE-9A59-7DE91CA12E9E}.Release|x64.Build.0 = Release|x64
		{CF849D31-3D4A-3AAE-9A59-7DE91CA12E9E}.Release|x86.ActiveCfg = Release|x64
		{CF849D31-3D4A-3AAE-9A59-7DE91CA12E9E}.RelWithDebInfo|Any CPU.ActiveCfg = RelWithDebInfo|x64
		{CF849D31-3D4A-3AAE-9A59-7DE91CA12E9E}.RelWithDebInfo|x64.ActiveCfg = RelWithDebInfo|x64
		{CF849D31-3D4A-3AAE-9A59-7DE91CA12E9E}.RelWithDebInfo|x64.Build.0 = RelWithDebInfo|x64
		{CF849D31-3D4A-3AAE-9A59-7DE91CA12E9E}.RelWithDebInfo|x86.ActiveCfg = RelWithDebInfo|x64
		{0DB5249D-2FE2-45FE-9060-EBB9FA86A56B}.Debug|Any CPU.ActiveCfg = Debug|Any CPU
		{0DB5249D-2FE2-45FE-9060-EBB9FA86A56B}.Debug|x64.ActiveCfg = Debug|Any CPU
		{0DB5249D-2FE2-45FE-9060-EBB9FA86A56B}.Debug|x86.ActiveCfg = Debug|Any CPU
		{0DB5249D-2FE2-45FE-9060-EBB9FA86A56B}.MinSizeRel|Any CPU.ActiveCfg = Release|Any CPU
		{0DB5249D-2FE2-45FE-9060-EBB9FA86A56B}.MinSizeRel|x64.ActiveCfg = Release|Any CPU
		{0DB5249D-2FE2-45FE-9060-EBB9FA86A56B}.MinSizeRel|x86.ActiveCfg = Release|Any CPU
		{0DB5249D-2FE2-45FE-9060-EBB9FA86A56B}.Release|Any CPU.ActiveCfg = Release|Any CPU
		{0DB5249D-2FE2-45FE-9060-EBB9FA86A56B}.Release|x64.ActiveCfg = Release|Any CPU
		{0DB5249D-2FE2-45FE-9060-EBB9FA86A56B}.Release|x86.ActiveCfg = Release|Any CPU
		{0DB5249D-2FE2-45FE-9060-EBB9FA86A56B}.RelWithDebInfo|Any CPU.ActiveCfg = Release|Any CPU
		{0DB5249D-2FE2-45FE-9060-EBB9FA86A56B}.RelWithDebInfo|x64.ActiveCfg = Release|Any CPU
		{0DB5249D-2FE2-45FE-9060-EBB9FA86A56B}.RelWithDebInfo|x86.ActiveCfg = Release|Any CPU
	EndGlobalSection
	GlobalSection(SolutionProperties) = preSolution
		HideSolutionNode = FALSE
	EndGlobalSection
	GlobalSection(NestedProjects) = preSolution
		{0DB5249D-2FE2-45FE-9060-EBB9FA86A56B} = {44641B7D-2BF5-48F2-A77A-2200697BFF6D}
	EndGlobalSection
	GlobalSection(ExtensibilityGlobals) = postSolution
		SolutionGuid = {A4FA8403-58E7-4449-BF4C-0B316342BBB4}
	EndGlobalSection
EndGlobal
