
Microsoft Visual Studio Solution File, Format Version 12.00
# Visual Studio Version 16
VisualStudioVersion = 16.0.30104.148
MinimumVisualStudioVersion = 10.0.40219.1
Project("{8BC9CEB8-8B4A-11D0-8D11-00A0C91BC942}") = "taq-prep", "taq-prep\taq-prep.vcxproj", "{0D6F22F6-39B9-4688-AD7A-D0CD285BE5C3}"
EndProject
Project("{8BC9CEB8-8B4A-11D0-8D11-00A0C91BC942}") = "tick-calc", "tick-calc\tick-calc.vcxproj", "{BF14440D-2052-42DC-AD51-ACFAA9ADFBFD}"
EndProject
Global
	GlobalSection(SolutionConfigurationPlatforms) = preSolution
		Debug|x64 = Debug|x64
		Debug|x86 = Debug|x86
		Release|x64 = Release|x64
		Release|x86 = Release|x86
	EndGlobalSection
	GlobalSection(ProjectConfigurationPlatforms) = postSolution
		{0D6F22F6-39B9-4688-AD7A-D0CD285BE5C3}.Debug|x64.ActiveCfg = Debug|x64
		{0D6F22F6-39B9-4688-AD7A-D0CD285BE5C3}.Debug|x64.Build.0 = Debug|x64
		{0D6F22F6-39B9-4688-AD7A-D0CD285BE5C3}.Debug|x86.ActiveCfg = Debug|Win32
		{0D6F22F6-39B9-4688-AD7A-D0CD285BE5C3}.Debug|x86.Build.0 = Debug|Win32
		{0D6F22F6-39B9-4688-AD7A-D0CD285BE5C3}.Release|x64.ActiveCfg = Release|x64
		{0D6F22F6-39B9-4688-AD7A-D0CD285BE5C3}.Release|x64.Build.0 = Release|x64
		{0D6F22F6-39B9-4688-AD7A-D0CD285BE5C3}.Release|x86.ActiveCfg = Release|Win32
		{0D6F22F6-39B9-4688-AD7A-D0CD285BE5C3}.Release|x86.Build.0 = Release|Win32
		{BF14440D-2052-42DC-AD51-ACFAA9ADFBFD}.Debug|x64.ActiveCfg = Debug|x64
		{BF14440D-2052-42DC-AD51-ACFAA9ADFBFD}.Debug|x64.Build.0 = Debug|x64
		{BF14440D-2052-42DC-AD51-ACFAA9ADFBFD}.Debug|x86.ActiveCfg = Debug|Win32
		{BF14440D-2052-42DC-AD51-ACFAA9ADFBFD}.Debug|x86.Build.0 = Debug|Win32
		{BF14440D-2052-42DC-AD51-ACFAA9ADFBFD}.Release|x64.ActiveCfg = Release|x64
		{BF14440D-2052-42DC-AD51-ACFAA9ADFBFD}.Release|x64.Build.0 = Release|x64
		{BF14440D-2052-42DC-AD51-ACFAA9ADFBFD}.Release|x86.ActiveCfg = Release|Win32
		{BF14440D-2052-42DC-AD51-ACFAA9ADFBFD}.Release|x86.Build.0 = Release|Win32
	EndGlobalSection
	GlobalSection(SolutionProperties) = preSolution
		HideSolutionNode = FALSE
	EndGlobalSection
	GlobalSection(ExtensibilityGlobals) = postSolution
		SolutionGuid = {A4FA8403-58E7-4449-BF4C-0B316342BBB4}
	EndGlobalSection
EndGlobal
